
Microsoft Visual Studio Solution File, Format Version 12.00
# Visual Studio Version 16
VisualStudioVersion = 16.0.30804.86
MinimumVisualStudioVersion = 10.0.40219.1
Project("{9A19103F-16F7-4668-BE54-9A1E7A4F7556}") = "Targem.List", "Targem.List\Targem.List.csproj", "{39F2EB33-7065-46D1-978B-23ADE5FEE728}"
EndProject
Project("{2150E333-8FDC-42A3-9474-1A3956D46DE8}") = "Solution Items", "Solution Items", "{B030EB36-6A91-4DA4-B1B8-9462CC94C3C4}"
	ProjectSection(SolutionItems) = preProject
		readme.md = readme.md
	EndProjectSection
EndProject
Global
	GlobalSection(SolutionConfigurationPlatforms) = preSolution
		Debug|Any CPU = Debug|Any CPU
		Release|Any CPU = Release|Any CPU
	EndGlobalSection
	GlobalSection(ProjectConfigurationPlatforms) = postSolution
		{39F2EB33-7065-46D1-978B-23ADE5FEE728}.Debug|Any CPU.ActiveCfg = Debug|Any CPU
		{39F2EB33-7065-46D1-978B-23ADE5FEE728}.Debug|Any CPU.Build.0 = Debug|Any CPU
		{39F2EB33-7065-46D1-978B-23ADE5FEE728}.Release|Any CPU.ActiveCfg = Release|Any CPU
		{39F2EB33-7065-46D1-978B-23ADE5FEE728}.Release|Any CPU.Build.0 = Release|Any CPU
	EndGlobalSection
	GlobalSection(SolutionProperties) = preSolution
		HideSolutionNode = FALSE
	EndGlobalSection
	GlobalSection(ExtensibilityGlobals) = postSolution
		SolutionGuid = {E77600A7-F8A5-4684-AEDB-EF7A99739BA3}
	EndGlobalSection
EndGlobal
